
Microsoft Visual Studio Solution File, Format Version 12.00
# Visual Studio Version 17
VisualStudioVersion = 17.14.36511.14 d17.14
MinimumVisualStudioVersion = 10.0.40219.1
Project("{FAE04EC0-301F-11D3-BF4B-00C04F79EFBC}") = "Crud_Operations_REST_API", "Crud_Operations_REST_API.csproj", "{F387C0B4-B115-4B03-89F8-1674A54155EE}"
EndProject
Global
	GlobalSection(SolutionConfigurationPlatforms) = preSolution
		Debug|Any CPU = Debug|Any CPU
		Release|Any CPU = Release|Any CPU
	EndGlobalSection
	GlobalSection(ProjectConfigurationPlatforms) = postSolution
		{F387C0B4-B115-4B03-89F8-1674A54155EE}.Debug|Any CPU.ActiveCfg = Debug|Any CPU
		{F387C0B4-B115-4B03-89F8-1674A54155EE}.Debug|Any CPU.Build.0 = Debug|Any CPU
		{F387C0B4-B115-4B03-89F8-1674A54155EE}.Release|Any CPU.ActiveCfg = Release|Any CPU
		{F387C0B4-B115-4B03-89F8-1674A54155EE}.Release|Any CPU.Build.0 = Release|Any CPU
	EndGlobalSection
	GlobalSection(SolutionProperties) = preSolution
		HideSolutionNode = FALSE
	EndGlobalSection
	GlobalSection(ExtensibilityGlobals) = postSolution
		SolutionGuid = {46C644CC-D32A-4F83-B191-BD7C4531496E}
	EndGlobalSection
EndGlobal
